# This file is autogenerated, do not edit; changes may be undone by the next 'dep ensure'.


[[projects]]
  digest = "1:977333c24dce8ceb6f1ab8dbd61323c5d34fd9db0b81bfc807d2d673299f74cd"
  name = "github.com/aws/aws-sdk-go"
  packages = [
    "aws",
    "aws/awserr",
    "aws/awsutil",
    "aws/client",
    "aws/client/metadata",
    "aws/corehandlers",
    "aws/credentials",
    "aws/credentials/ec2rolecreds",
    "aws/credentials/endpointcreds",
    "aws/credentials/processcreds",
    "aws/credentials/stscreds",
    "aws/csm",
    "aws/defaults",
    "aws/ec2metadata",
    "aws/endpoints",
    "aws/request",
    "aws/session",
    "aws/signer/v4",
    "internal/ini",
    "internal/sdkio",
    "internal/sdkmath",
    "internal/sdkrand",
    "internal/sdkuri",
    "internal/shareddefaults",
    "private/protocol",
    "private/protocol/json/jsonutil",
    "private/protocol/query",
    "private/protocol/query/queryutil",
    "private/protocol/rest",
    "private/protocol/xml/xmlutil",
    "service/cloudwatch",
    "service/cloudwatch/cloudwatchiface",
    "service/sts",
    "service/sts/stsiface",
  ]
  pruneopts = "UT"
  revision = "63033a5636f9a9ad84cfaaf97b44e31286fb3c54"
  version = "v1.25.2"

[[projects]]
  digest = "1:38ec74012390146c45af1f92d46e5382b50531247929ff3a685d2b2be65155ac"
  name = "github.com/gomodule/redigo"
  packages = [
    "internal",
    "redis",
  ]
  pruneopts = "UT"
  revision = "9c11da706d9b7902c6da69c592f75637793fe121"
  version = "v2.0.0"

[[projects]]
  digest = "1:bb81097a5b62634f3e9fec1014657855610c82d19b9a40c17612e32651e35dca"
  name = "github.com/jmespath/go-jmespath"
  packages = ["."]
  pruneopts = "UT"
  revision = "c2b33e84"

[[projects]]
  digest = "1:31e761d97c76151dde79e9d28964a812c46efc5baee4085b86f68f0c654450de"
  name = "github.com/konsorten/go-windows-terminal-sequences"
  packages = ["."]
  pruneopts = "UT"
  revision = "f55edac94c9bbba5d6182a4be46d86a2c9b5b50e"
  version = "v1.0.2"

[[projects]]
  digest = "1:94e232dfe3406818c82b41b42ab0fc34c08ab19ac7aa192afe37ad888c568eac"
  name = "github.com/mna/redisc"
  packages = ["."]
  pruneopts = "UT"
  revision = "d249c43d76d5a601042fbc73337dac2a0ee60d1b"
  version = "v1.1.6"

[[projects]]
  digest = "1:5f7de4104cebd8f49885897f2697fd2c92fe2fda3915f3638583f16fd4daec65"
  name = "github.com/sendgrid/mc-contacts"
  packages = ["lib/listsample"]
  pruneopts = "UT"
  revision = "3118f944b490a5c9268316616a38493f729f92a4"
  version = "7.33.3"

[[projects]]
  digest = "1:6298a5fc13837a06cfdf45db3898c8c5a5a050640de007693d6f5347aab5f90f"
  name = "github.com/sendgrid/mc-contacts-platform-tools"
  packages = ["lib/migration_file"]
  pruneopts = "UT"
  revision = "2a0b4e852a2e3bf9755aaac4adcfad35fbee8796"
  version = "v0.6.0"

[[projects]]
  digest = "1:9b3e22e79ed0534af3f9b46403c032ed355f12122efd834ae10f9ca94f69abe8"
  name = "github.com/sendgrid/mcauto"
  packages = ["metrics"]
  pruneopts = "UT"
  revision = "9ce9f7d7aa2be87a144c4e75dd83dd84f2c33671"
  version = "7.5.2"

[[projects]]
  digest = "1:ae4ad90418f22c36099f5b5b7f7b6ffeb3627825557aff569823b1713b6ee084"
  name = "github.com/sendgrid/mclogger"
  packages = ["lib/logger"]
  pruneopts = "UT"
  revision = "f9df10b0e57a7856f87858f83b7724216ba01d29"
  version = "v1.1.4"

[[projects]]
  digest = "1:04457f9f6f3ffc5fea48e71d62f2ca256637dee0a04d710288e27e05c8b41976"
  name = "github.com/sirupsen/logrus"
  packages = ["."]
  pruneopts = "UT"
  revision = "839c75faf7f98a33d445d181f3018b5c3409a45e"
  version = "v1.4.2"

[[projects]]
  branch = "master"
  digest = "1:1b90e63244513e8514749f45da58e89350d35cb3e12416ce6ed95f41c2a1f177"
  name = "golang.org/x/sys"
  packages = ["unix"]
  pruneopts = "UT"
  revision = "c990c680b611ac1aeb7d8f2af94a825f98d69720"

[solve-meta]
  analyzer-name = "dep"
  analyzer-version = 1
  input-imports = [
    "github.com/sendgrid/mc-contacts-platform-tools/lib/migration_file",
    "github.com/sendgrid/mc-contacts/lib/listsample",
  ]
  solver-name = "gps-cdcl"
  solver-version = 1
